Microsoft Visual Studio Solution File, Format Version 11.00
# Visual Studio 2010
Project("{FAE04EC0-301F-11D3-BF4B-00C04F79EFBC}") = "LastPass", "src\LastPass.csproj", "{A52C86A3-E29F-416B-AD55-50E0F8EF7831}"
EndProject
Project("{FAE04EC0-301F-11D3-BF4B-00C04F79EFBC}") = "LastPass.Test", "test\LastPass.Test.csproj", "{1D0CC419-F25C-4F12-87D8-1DC825E15973}"
EndProject
Project("{2150E333-8FDC-42A3-9474-1A3956D46DE8}") = ".nuget", ".nuget", "{D9C5F5F9-FC45-4F86-B62C-A6BD98448122}"
	ProjectSection(SolutionItems) = preProject
		.nuget\NuGet.Config = .nuget\NuGet.Config
		.nuget\NuGet.targets = .nuget\NuGet.targets
	EndProjectSection
EndProject
Global
	GlobalSection(SolutionConfigurationPlatforms) = preSolution
		Debug|Any CPU = Debug|Any CPU
		Release|Any CPU = Release|Any CPU
	EndGlobalSection
	GlobalSection(ProjectConfigurationPlatforms) = postSolution
		{A52C86A3-E29F-416B-AD55-50E0F8EF7831}.Debug|Any CPU.ActiveCfg = Debug|Any CPU
		{A52C86A3-E29F-416B-AD55-50E0F8EF7831}.Debug|Any CPU.Build.0 = Debug|Any CPU
		{A52C86A3-E29F-416B-AD55-50E0F8EF7831}.Release|Any CPU.ActiveCfg = Release|Any CPU
		{A52C86A3-E29F-416B-AD55-50E0F8EF7831}.Release|Any CPU.Build.0 = Release|Any CPU
		{1D0CC419-F25C-4F12-87D8-1DC825E15973}.Debug|Any CPU.ActiveCfg = Debug|Any CPU
		{1D0CC419-F25C-4F12-87D8-1DC825E15973}.Debug|Any CPU.Build.0 = Debug|Any CPU
		{1D0CC419-F25C-4F12-87D8-1DC825E15973}.Release|Any CPU.ActiveCfg = Release|Any CPU
		{1D0CC419-F25C-4F12-87D8-1DC825E15973}.Release|Any CPU.Build.0 = Release|Any CPU
	EndGlobalSection
	GlobalSection(SolutionProperties) = preSolution
		HideSolutionNode = FALSE
	EndGlobalSection
EndGlobal
